// !$*UTF8*$!
{
	archiveVersion = 1;
	classes = {
	};
	objectVersion = 56;
	objects = {

/* Begin PBXBuildFile section */
		4CC34AD72A1E8B5B00C10575 /* TCADemoApp.swift in Sources */ = {isa = PBXBuildFile; fileRef = 4CC34AD62A1E8B5B00C10575 /* TCADemoApp.swift */; };
		4CC34AD92A1E8B5B00C10575 /* ContentView.swift in Sources */ = {isa = PBXBuildFile; fileRef = 4CC34AD82A1E8B5B00C10575 /* ContentView.swift */; };
		4CC34ADB2A1E8B5C00C10575 /* Assets.xcassets in Resources */ = {isa = PBXBuildFile; fileRef = 4CC34ADA2A1E8B5C00C10575 /* Assets.xcassets */; };
		4CC34ADE2A1E8B5C00C10575 /* Preview Assets.xcassets in Resources */ = {isa = PBXBuildFile; fileRef = 4CC34ADD2A1E8B5C00C10575 /* Preview Assets.xcassets */; };
		4CC34B052A1E8E9000C10575 /* ComposableArchitecture in Frameworks */ = {isa = PBXBuildFile; productRef = 4CC34B042A1E8E9000C10575 /* ComposableArchitecture */; };
		4CC34B072A1E946700C10575 /* ShoppingCartTests.swift in Sources */ = {isa = PBXBuildFile; fileRef = 4CC34B062A1E946700C10575 /* ShoppingCartTests.swift */; };
		4CC34B092A1E9AC100C10575 /* CheckoutTests.swift in Sources */ = {isa = PBXBuildFile; fileRef = 4CC34B082A1E9AC100C10575 /* CheckoutTests.swift */; };
/* End PBXBuildFile section */

/* Begin PBXContainerItemProxy section */
		4CC34AE42A1E8B5C00C10575 /* PBXContainerItemProxy */ = {
			isa = PBXContainerItemProxy;
			containerPortal = 4CC34ACB2A1E8B5A00C10575 /* Project object */;
			proxyType = 1;
			remoteGlobalIDString = 4CC34AD22A1E8B5A00C10575;
			remoteInfo = TCADemo;
		};
/* End PBXContainerItemProxy section */

/* Begin PBXFileReference section */
		4CC34AD32A1E8B5A00C10575 /* TCADemo.app */ = {isa = PBXFileReference; explicitFileType = wrapper.application; includeInIndex = 0; path = TCADemo.app; sourceTree = BUILT_PRODUCTS_DIR; };
		4CC34AD62A1E8B5B00C10575 /* TCADemoApp.swift */ = {isa = PBXFileReference; lastKnownFileType = sourcecode.swift; path = TCADemoApp.swift; sourceTree = "<group>"; };
		4CC34AD82A1E8B5B00C10575 /* ContentView.swift */ = {isa = PBXFileReference; lastKnownFileType = sourcecode.swift; path = ContentView.swift; sourceTree = "<group>"; };
		4CC34ADA2A1E8B5C00C10575 /* Assets.xcassets */ = {isa = PBXFileReference; lastKnownFileType = folder.assetcatalog; path = Assets.xcassets; sourceTree = "<group>"; };
		4CC34ADD2A1E8B5C00C10575 /* Preview Assets.xcassets */ = {isa = PBXFileReference; lastKnownFileType = folder.assetcatalog; path = "Preview Assets.xcassets"; sourceTree = "<group>"; };
		4CC34AE32A1E8B5C00C10575 /* TCADemoTests.xctest */ = {isa = PBXFileReference; explicitFileType = wrapper.cfbundle; includeInIndex = 0; path = TCADemoTests.xctest; sourceTree = BUILT_PRODUCTS_DIR; };
		4CC34B062A1E946700C10575 /* ShoppingCartTests.swift */ = {isa = PBXFileReference; lastKnownFileType = sourcecode.swift; path = ShoppingCartTests.swift; sourceTree = "<group>"; };
		4CC34B082A1E9AC100C10575 /* CheckoutTests.swift */ = {isa = PBXFileReference; lastKnownFileType = sourcecode.swift; path = CheckoutTests.swift; sourceTree = "<group>"; };
/* End PBXFileReference section */

/* Begin PBXFrameworksBuildPhase section */
		4CC34AD02A1E8B5A00C10575 /* Frameworks */ = {
			isa = PBXFrameworksBuildPhase;
			buildActionMask = 2147483647;
			files = (
				4CC34B052A1E8E9000C10575 /* ComposableArchitecture in Frameworks */,
			);
			runOnlyForDeploymentPostprocessing = 0;
		};
		4CC34AE02A1E8B5C00C10575 /* Frameworks */ = {
			isa = PBXFrameworksBuildPhase;
			buildActionMask = 2147483647;
			files = (
			);
			runOnlyForDeploymentPostprocessing = 0;
		};
/* End PBXFrameworksBuildPhase section */

/* Begin PBXGroup section */
		4CC34ACA2A1E8B5A00C10575 = {
			isa = PBXGroup;
			children = (
				4CC34AD52A1E8B5B00C10575 /* TCADemo */,
				4CC34AE62A1E8B5C00C10575 /* TCADemoTests */,
				4CC34AD42A1E8B5A00C10575 /* Products */,
			);
			sourceTree = "<group>";
		};
		4CC34AD42A1E8B5A00C10575 /* Products */ = {
			isa = PBXGroup;
			children = (
				4CC34AD32A1E8B5A00C10575 /* TCADemo.app */,
				4CC34AE32A1E8B5C00C10575 /* TCADemoTests.xctest */,
			);
			name = Products;
			sourceTree = "<group>";
		};
		4CC34AD52A1E8B5B00C10575 /* TCADemo */ = {
			isa = PBXGroup;
			children = (
				4CC34AD62A1E8B5B00C10575 /* TCADemoApp.swift */,
				4CC34AD82A1E8B5B00C10575 /* ContentView.swift */,
				4CC34ADA2A1E8B5C00C10575 /* Assets.xcassets */,
				4CC34ADC2A1E8B5C00C10575 /* Preview Content */,
			);
			path = TCADemo;
			sourceTree = "<group>";
		};
		4CC34ADC2A1E8B5C00C10575 /* Preview Content */ = {
			isa = PBXGroup;
			children = (
				4CC34ADD2A1E8B5C00C10575 /* Preview Assets.xcassets */,
			);
			path = "Preview Content";
			sourceTree = "<group>";
		};
		4CC34AE62A1E8B5C00C10575 /* TCADemoTests */ = {
			isa = PBXGroup;
			children = (
				4CC34B062A1E946700C10575 /* ShoppingCartTests.swift */,
				4CC34B082A1E9AC100C10575 /* CheckoutTests.swift */,
			);
			path = TCADemoTests;
			sourceTree = "<group>";
		};
/* End PBXGroup section */

/* Begin PBXNativeTarget section */
		4CC34AD22A1E8B5A00C10575 /* TCADemo */ = {
			isa = PBXNativeTarget;
			buildConfigurationList = 4CC34AF72A1E8B5C00C10575 /* Build configuration list for PBXNativeTarget "TCADemo" */;
			buildPhases = (
				4CC34ACF2A1E8B5A00C10575 /* Sources */,
				4CC34AD02A1E8B5A00C10575 /* Frameworks */,
				4CC34AD12A1E8B5A00C10575 /* Resources */,
			);
			buildRules = (
			);
			dependencies = (
			);
			name = TCADemo;
			packageProductDependencies = (
				4CC34B042A1E8E9000C10575 /* ComposableArchitecture */,
			);
			productName = TCADemo;
			productReference = 4CC34AD32A1E8B5A00C10575 /* TCADemo.app */;
			productType = "com.apple.product-type.application";
		};
		4CC34AE22A1E8B5C00C10575 /* TCADemoTests */ = {
			isa = PBXNativeTarget;
			buildConfigurationList = 4CC34AFA2A1E8B5C00C10575 /* Build configuration list for PBXNativeTarget "TCADemoTests" */;
			buildPhases = (
				4CC34ADF2A1E8B5C00C10575 /* Sources */,
				4CC34AE02A1E8B5C00C10575 /* Frameworks */,
				4CC34AE12A1E8B5C00C10575 /* Resources */,
			);
			buildRules = (
			);
			dependencies = (
				4CC34AE52A1E8B5C00C10575 /* PBXTargetDependency */,
			);
			name = TCADemoTests;
			productName = TCADemoTests;
			productReference = 4CC34AE32A1E8B5C00C10575 /* TCADemoTests.xctest */;
			productType = "com.apple.product-type.bundle.unit-test";
		};
/* End PBXNativeTarget section */

/* Begin PBXProject section */
		4CC34ACB2A1E8B5A00C10575 /* Project object */ = {
			isa = PBXProject;
			attributes = {
				BuildIndependentTargetsInParallel = 1;
				LastSwiftUpdateCheck = 1420;
				LastUpgradeCheck = 1420;
				TargetAttributes = {
					4CC34AD22A1E8B5A00C10575 = {
						CreatedOnToolsVersion = 14.2;
					};
					4CC34AE22A1E8B5C00C10575 = {
						CreatedOnToolsVersion = 14.2;
						TestTargetID = 4CC34AD22A1E8B5A00C10575;
					};
				};
			};
			buildConfigurationList = 4CC34ACE2A1E8B5A00C10575 /* Build configuration list for PBXProject "TCADemo" */;
			compatibilityVersion = "Xcode 14.0";
			developmentRegion = en;
			hasScannedForEncodings = 0;
			knownRegions = (
				en,
				Base,
			);
			mainGroup = 4CC34ACA2A1E8B5A00C10575;
			packageReferences = (
				4CC34B032A1E8E9000C10575 /* XCRemoteSwiftPackageReference "swift-composable-architecture" */,
			);
			productRefGroup = 4CC34AD42A1E8B5A00C10575 /* Products */;
			projectDirPath = "";
			projectRoot = "";
			targets = (
				4CC34AD22A1E8B5A00C10575 /* TCADemo */,
				4CC34AE22A1E8B5C00C10575 /* TCADemoTests */,
			);
		};
/* End PBXProject section */

/* Begin PBXResourcesBuildPhase section */
		4CC34AD12A1E8B5A00C10575 /* Resources */ = {
			isa = PBXResourcesBuildPhase;
			buildActionMask = 2147483647;
			files = (
				4CC34ADE2A1E8B5C00C10575 /* Preview Assets.xcassets in Resources */,
				4CC34ADB2A1E8B5C00C10575 /* Assets.xcassets in Resources */,
			);
			runOnlyForDeploymentPostprocessing = 0;
		};
		4CC34AE12A1E8B5C00C10575 /* Resources */ = {
			isa = PBXResourcesBuildPhase;
			buildActionMask = 2147483647;
			files = (
			);
			runOnlyForDeploymentPostprocessing = 0;
		};
/* End PBXResourcesBuildPhase section */

/* Begin PBXSourcesBuildPhase section */
		4CC34ACF2A1E8B5A00C10575 /* Sources */ = {
			isa = PBXSourcesBuildPhase;
			buildActionMask = 2147483647;
			files = (
				4CC34AD92A1E8B5B00C10575 /* ContentView.swift in Sources */,
				4CC34AD72A1E8B5B00C10575 /* TCADemoApp.swift in Sources */,
			);
			runOnlyForDeploymentPostprocessing = 0;
		};
		4CC34ADF2A1E8B5C00C10575 /* Sources */ = {
			isa = PBXSourcesBuildPhase;
			buildActionMask = 2147483647;
			files = (
				4CC34B072A1E946700C10575 /* ShoppingCartTests.swift in Sources */,
				4CC34B092A1E9AC100C10575 /* CheckoutTests.swift in Sources */,
			);
			runOnlyForDeploymentPostprocessing = 0;
		};
/* End PBXSourcesBuildPhase section */

/* Begin PBXTargetDependency section */
		4CC34AE52A1E8B5C00C10575 /* PBXTargetDependency */ = {
			isa = PBXTargetDependency;
			target = 4CC34AD22A1E8B5A00C10575 /* TCADemo */;
			targetProxy = 4CC34AE42A1E8B5C00C10575 /* PBXContainerItemProxy */;
		};
/* End PBXTargetDependency section */

/* Begin XCBuildConfiguration section */
		4CC34AF52A1E8B5C00C10575 /* Debug */ = {
			isa = XCBuildConfiguration;
			buildSettings = {
				ALWAYS_SEARCH_USER_PATHS = NO;
				CLANG_ANALYZER_NONNULL = YES;
				CLANG_ANALYZER_NUMBER_OBJECT_CONVERSION = YES_AGGRESSIVE;
				CLANG_CXX_LANGUAGE_STANDARD = "gnu++20";
				CLANG_ENABLE_MODULES = YES;
				CLANG_ENABLE_OBJC_ARC = YES;
				CLANG_ENABLE_OBJC_WEAK = YES;
				CLANG_WARN_BLOCK_CAPTURE_AUTORELEASING = YES;
				CLANG_WARN_BOOL_CONVERSION = YES;
				CLANG_WARN_COMMA = YES;
				CLANG_WARN_CONSTANT_CONVERSION = YES;
				CLANG_WARN_DEPRECATED_OBJC_IMPLEMENTATIONS = YES;
				CLANG_WARN_DIRECT_OBJC_ISA_USAGE = YES_ERROR;
				CLANG_WARN_DOCUMENTATION_COMMENTS = YES;
				CLANG_WARN_EMPTY_BODY = YES;
				CLANG_WARN_ENUM_CONVERSION = YES;
				CLANG_WARN_INFINITE_RECURSION = YES;
				CLANG_WARN_INT_CONVERSION = YES;
				CLANG_WARN_NON_LITERAL_NULL_CONVERSION = YES;
				CLANG_WARN_OBJC_IMPLICIT_RETAIN_SELF = YES;
				CLANG_WARN_OBJC_LITERAL_CONVERSION = YES;
				CLANG_WARN_OBJC_ROOT_CLASS = YES_ERROR;
				CLANG_WARN_QUOTED_INCLUDE_IN_FRAMEWORK_HEADER = YES;
				CLANG_WARN_RANGE_LOOP_ANALYSIS = YES;
				CLANG_WARN_STRICT_PROTOTYPES = YES;
				CLANG_WARN_SUSPICIOUS_MOVE = YES;
				CLANG_WARN_UNGUARDED_AVAILABILITY = YES_AGGRESSIVE;
				CLANG_WARN_UNREACHABLE_CODE = YES;
				CLANG_WARN__DUPLICATE_METHOD_MATCH = YES;
				COPY_PHASE_STRIP = NO;
				DEBUG_INFORMATION_FORMAT = dwarf;
				ENABLE_STRICT_OBJC_MSGSEND = YES;
				ENABLE_TESTABILITY = YES;
				GCC_C_LANGUAGE_STANDARD = gnu11;
				GCC_DYNAMIC_NO_PIC = NO;
				GCC_NO_COMMON_BLOCKS = YES;
				GCC_OPTIMIZATION_LEVEL = 0;
				GCC_PREPROCESSOR_DEFINITIONS = (
					"DEBUG=1",
					"$(inherited)",
				);
				GCC_WARN_64_TO_32_BIT_CONVERSION = YES;
				GCC_WARN_ABOUT_RETURN_TYPE = YES_ERROR;
				GCC_WARN_UNDECLARED_SELECTOR = YES;
				GCC_WARN_UNINITIALIZED_AUTOS = YES_AGGRESSIVE;
				GCC_WARN_UNUSED_FUNCTION = YES;
				GCC_WARN_UNUSED_VARIABLE = YES;
				IPHONEOS_DEPLOYMENT_TARGET = 16.2;
				MTL_ENABLE_DEBUG_INFO = INCLUDE_SOURCE;
				MTL_FAST_MATH = YES;
				ONLY_ACTIVE_ARCH = YES;
				SDKROOT = iphoneos;
				SWIFT_ACTIVE_COMPILATION_CONDITIONS = DEBUG;
				SWIFT_OPTIMIZATION_LEVEL = "-Onone";
			};
			name = Debug;
		};
		4CC34AF62A1E8B5C00C10575 /* Release */ = {
			isa = XCBuildConfiguration;
			buildSettings = {
				ALWAYS_SEARCH_USER_PATHS = NO;
				CLANG_ANALYZER_NONNULL = YES;
				CLANG_ANALYZER_NUMBER_OBJECT_CONVERSION = YES_AGGRESSIVE;
				CLANG_CXX_LANGUAGE_STANDARD = "gnu++20";
				CLANG_ENABLE_MODULES = YES;
				CLANG_ENABLE_OBJC_ARC = YES;
				CLANG_ENABLE_OBJC_WEAK = YES;
				CLANG_WARN_BLOCK_CAPTURE_AUTORELEASING = YES;
				CLANG_WARN_BOOL_CONVERSION = YES;
				CLANG_WARN_COMMA = YES;
				CLANG_WARN_CONSTANT_CONVERSION = YES;
				CLANG_WARN_DEPRECATED_OBJC_IMPLEMENTATIONS = YES;
				CLANG_WARN_DIRECT_OBJC_ISA_USAGE = YES_ERROR;
				CLANG_WARN_DOCUMENTATION_COMMENTS = YES;
				CLANG_WARN_EMPTY_BODY = YES;
				CLANG_WARN_ENUM_CONVERSION = YES;
				CLANG_WARN_INFINITE_RECURSION = YES;
				CLANG_WARN_INT_CONVERSION = YES;
				CLANG_WARN_NON_LITERAL_NULL_CONVERSION = YES;
				CLANG_WARN_OBJC_IMPLICIT_RETAIN_SELF = YES;
				CLANG_WARN_OBJC_LITERAL_CONVERSION = YES;
				CLANG_WARN_OBJC_ROOT_CLASS = YES_ERROR;
				CLANG_WARN_QUOTED_INCLUDE_IN_FRAMEWORK_HEADER = YES;
				CLANG_WARN_RANGE_LOOP_ANALYSIS = YES;
				CLANG_WARN_STRICT_PROTOTYPES = YES;
				CLANG_WARN_SUSPICIOUS_MOVE = YES;
				CLANG_WARN_UNGUARDED_AVAILABILITY = YES_AGGRESSIVE;
				CLANG_WARN_UNREACHABLE_CODE = YES;
				CLANG_WARN__DUPLICATE_METHOD_MATCH = YES;
				COPY_PHASE_STRIP = NO;
				DEBUG_INFORMATION_FORMAT = "dwarf-with-dsym";
				ENABLE_NS_ASSERTIONS = NO;
				ENABLE_STRICT_OBJC_MSGSEND = YES;
				GCC_C_LANGUAGE_STANDARD = gnu11;
				GCC_NO_COMMON_BLOCKS = YES;
				GCC_WARN_64_TO_32_BIT_CONVERSION = YES;
				GCC_WARN_ABOUT_RETURN_TYPE = YES_ERROR;
				GCC_WARN_UNDECLARED_SELECTOR = YES;
				GCC_WARN_UNINITIALIZED_AUTOS = YES_AGGRESSIVE;
				GCC_WARN_UNUSED_FUNCTION = YES;
				GCC_WARN_UNUSED_VARIABLE = YES;
				IPHONEOS_DEPLOYMENT_TARGET = 16.2;
				MTL_ENABLE_DEBUG_INFO = NO;
				MTL_FAST_MATH = YES;
				SDKROOT = iphoneos;
				SWIFT_COMPILATION_MODE = wholemodule;
				SWIFT_OPTIMIZATION_LEVEL = "-O";
				VALIDATE_PRODUCT = YES;
			};
			name = Release;
		};
		4CC34AF82A1E8B5C00C10575 /* Debug */ = {
			isa = XCBuildConfiguration;
			buildSettings = {
				ASSETCATALOG_COMPILER_APPICON_NAME = AppIcon;
				ASSETCATALOG_COMPILER_GLOBAL_ACCENT_COLOR_NAME = AccentColor;
				CODE_SIGN_STYLE = Automatic;
				CURRENT_PROJECT_VERSION = 1;
				DEVELOPMENT_ASSET_PATHS = "\"TCADemo/Preview Content\"";
				DEVELOPMENT_TEAM = U7Q662VX7C;
				ENABLE_PREVIEWS = YES;
				GENERATE_INFOPLIST_FILE = YES;
				INFOPLIST_KEY_UIApplicationSceneManifest_Generation = YES;
				INFOPLIST_KEY_UIApplicationSupportsIndirectInputEvents = YES;
				INFOPLIST_KEY_UILaunchScreen_Generation = YES;
				INFOPLIST_KEY_UISupportedInterfaceOrientations_iPad = "UIInterfaceOrientationPortrait UIInterfaceOrientationPortraitUpsideDown UIInterfaceOrientationLandscapeLeft UIInterfaceOrientationLandscapeRight";
				INFOPLIST_KEY_UISupportedInterfaceOrientations_iPhone = "UIInterfaceOrientationPortrait UIInterfaceOrientationLandscapeLeft UIInterfaceOrientationLandscapeRight";
				LD_RUNPATH_SEARCH_PATHS = (
					"$(inherited)",
					"@executable_path/Frameworks",
				);
				MARKETING_VERSION = 1.0;
				PRODUCT_BUNDLE_IDENTIFIER = com.TCADemo;
				PRODUCT_NAME = "$(TARGET_NAME)";
				SWIFT_EMIT_LOC_STRINGS = YES;
				SWIFT_VERSION = 5.0;
				TARGETED_DEVICE_FAMILY = "1,2";
			};
			name = Debug;
		};
		4CC34AF92A1E8B5C00C10575 /* Release */ = {
			isa = XCBuildConfiguration;
			buildSettings = {
				ASSETCATALOG_COMPILER_APPICON_NAME = AppIcon;
				ASSETCATALOG_COMPILER_GLOBAL_ACCENT_COLOR_NAME = AccentColor;
				CODE_SIGN_STYLE = Automatic;
				CURRENT_PROJECT_VERSION = 1;
				DEVELOPMENT_ASSET_PATHS = "\"TCADemo/Preview Content\"";
				DEVELOPMENT_TEAM = U7Q662VX7C;
				ENABLE_PREVIEWS = YES;
				GENERATE_INFOPLIST_FILE = YES;
				INFOPLIST_KEY_UIApplicationSceneManifest_Generation = YES;
				INFOPLIST_KEY_UIApplicationSupportsIndirectInputEvents = YES;
				INFOPLIST_KEY_UILaunchScreen_Generation = YES;
				INFOPLIST_KEY_UISupportedInterfaceOrientations_iPad = "UIInterfaceOrientationPortrait UIInterfaceOrientationPortraitUpsideDown UIInterfaceOrientationLandscapeLeft UIInterfaceOrientationLandscapeRight";
				INFOPLIST_KEY_UISupportedInterfaceOrientations_iPhone = "UIInterfaceOrientationPortrait UIInterfaceOrientationLandscapeLeft UIInterfaceOrientationLandscapeRight";
				LD_RUNPATH_SEARCH_PATHS = (
					"$(inherited)",
					"@executable_path/Frameworks",
				);
				MARKETING_VERSION = 1.0;
				PRODUCT_BUNDLE_IDENTIFIER = com.TCADemo;
				PRODUCT_NAME = "$(TARGET_NAME)";
				SWIFT_EMIT_LOC_STRINGS = YES;
				SWIFT_VERSION = 5.0;
				TARGETED_DEVICE_FAMILY = "1,2";
			};
			name = Release;
		};
		4CC34AFB2A1E8B5C00C10575 /* Debug */ = {
			isa = XCBuildConfiguration;
			buildSettings = {
				ALWAYS_EMBED_SWIFT_STANDARD_LIBRARIES = YES;
				BUNDLE_LOADER = "$(TEST_HOST)";
				CODE_SIGN_STYLE = Automatic;
				CURRENT_PROJECT_VERSION = 1;
				DEVELOPMENT_TEAM = U7Q662VX7C;
				GENERATE_INFOPLIST_FILE = YES;
				IPHONEOS_DEPLOYMENT_TARGET = 16.2;
				MARKETING_VERSION = 1.0;
				PRODUCT_BUNDLE_IDENTIFIER = com.TCADemoTests;
				PRODUCT_NAME = "$(TARGET_NAME)";
				SWIFT_EMIT_LOC_STRINGS = NO;
				SWIFT_VERSION = 5.0;
				TARGETED_DEVICE_FAMILY = "1,2";
				TEST_HOST = "$(BUILT_PRODUCTS_DIR)/TCADemo.app/$(BUNDLE_EXECUTABLE_FOLDER_PATH)/TCADemo";
			};
			name = Debug;
		};
		4CC34AFC2A1E8B5C00C10575 /* Release */ = {
			isa = XCBuildConfiguration;
			buildSettings = {
				ALWAYS_EMBED_SWIFT_STANDARD_LIBRARIES = YES;
				BUNDLE_LOADER = "$(TEST_HOST)";
				CODE_SIGN_STYLE = Automatic;
				CURRENT_PROJECT_VERSION = 1;
				DEVELOPMENT_TEAM = U7Q662VX7C;
				GENERATE_INFOPLIST_FILE = YES;
				IPHONEOS_DEPLOYMENT_TARGET = 16.2;
				MARKETING_VERSION = 1.0;
				PRODUCT_BUNDLE_IDENTIFIER = com.TCADemoTests;
				PRODUCT_NAME = "$(TARGET_NAME)";
				SWIFT_EMIT_LOC_STRINGS = NO;
				SWIFT_VERSION = 5.0;
				TARGETED_DEVICE_FAMILY = "1,2";
				TEST_HOST = "$(BUILT_PRODUCTS_DIR)/TCADemo.app/$(BUNDLE_EXECUTABLE_FOLDER_PATH)/TCADemo";
			};
			name = Release;
		};
/* End XCBuildConfiguration section */

/* Begin XCConfigurationList section */
		4CC34ACE2A1E8B5A00C10575 /* Build configuration list for PBXProject "TCADemo" */ = {
			isa = XCConfigurationList;
			buildConfigurations = (
				4CC34AF52A1E8B5C00C10575 /* Debug */,
				4CC34AF62A1E8B5C00C10575 /* Release */,
			);
			defaultConfigurationIsVisible = 0;
			defaultConfigurationName = Release;
		};
		4CC34AF72A1E8B5C00C10575 /* Build configuration list for PBXNativeTarget "TCADemo" */ = {
			isa = XCConfigurationList;
			buildConfigurations = (
				4CC34AF82A1E8B5C00C10575 /* Debug */,
				4CC34AF92A1E8B5C00C10575 /* Release */,
			);
			defaultConfigurationIsVisible = 0;
			defaultConfigurationName = Release;
		};
		4CC34AFA2A1E8B5C00C10575 /* Build configuration list for PBXNativeTarget "TCADemoTests" */ = {
			isa = XCConfigurationList;
			buildConfigurations = (
				4CC34AFB2A1E8B5C00C10575 /* Debug */,
				4CC34AFC2A1E8B5C00C10575 /* Release */,
			);
			defaultConfigurationIsVisible = 0;
			defaultConfigurationName = Release;
		};
/* End XCConfigurationList section */

/* Begin XCRemoteSwiftPackageReference section */
		4CC34B032A1E8E9000C10575 /* XCRemoteSwiftPackageReference "swift-composable-architecture" */ = {
			isa = XCRemoteSwiftPackageReference;
			repositoryURL = "https://github.com/pointfreeco/swift-composable-architecture";
			requirement = {
				kind = upToNextMajorVersion;
				minimumVersion = 0.9.0;
			};
		};
/* End XCRemoteSwiftPackageReference section */

/* Begin XCSwiftPackageProductDependency section */
		4CC34B042A1E8E9000C10575 /* ComposableArchitecture */ = {
			isa = XCSwiftPackageProductDependency;
			package = 4CC34B032A1E8E9000C10575 /* XCRemoteSwiftPackageReference "swift-composable-architecture" */;
			productName = ComposableArchitecture;
		};
/* End XCSwiftPackageProductDependency section */
	};
	rootObject = 4CC34ACB2A1E8B5A00C10575 /* Project object */;
}
